
Microsoft Visual Studio Solution File, Format Version 12.00
# Visual Studio Version 16
VisualStudioVersion = 16.0.31321.278
MinimumVisualStudioVersion = 10.0.40219.1
Project("{FAE04EC0-301F-11D3-BF4B-00C04F79EFBC}") = "vidly", "vidly\vidly.csproj", "{61E1B880-E63C-4C51-9844-1212ABB8539E}"
EndProject
Global
	GlobalSection(SolutionConfigurationPlatforms) = preSolution
		Debug|Any CPU = Debug|Any CPU
		Release|Any CPU = Release|Any CPU
	EndGlobalSection
	GlobalSection(ProjectConfigurationPlatforms) = postSolution
		{61E1B880-E63C-4C51-9844-1212ABB8539E}.Debug|Any CPU.ActiveCfg = Debug|Any CPU
		{61E1B880-E63C-4C51-9844-1212ABB8539E}.Debug|Any CPU.Build.0 = Debug|Any CPU
		{61E1B880-E63C-4C51-9844-1212ABB8539E}.Release|Any CPU.ActiveCfg = Release|Any CPU
		{61E1B880-E63C-4C51-9844-1212ABB8539E}.Release|Any CPU.Build.0 = Release|Any CPU
	EndGlobalSection
	GlobalSection(SolutionProperties) = preSolution
		HideSolutionNode = FALSE
	EndGlobalSection
	GlobalSection(ExtensibilityGlobals) = postSolution
		SolutionGuid = {D96CE912-FB09-410C-B51A-97C5CC20C880}
	EndGlobalSection
EndGlobal
